
Microsoft Visual Studio Solution File, Format Version 12.00
# Visual Studio Version 16
VisualStudioVersion = 16.0.31911.196
MinimumVisualStudioVersion = 10.0.40219.1
Project("{9A19103F-16F7-4668-BE54-9A1E7A4F7556}") = "CarRentalManagement.Server", "CarRentalManagement\Server\CarRentalManagement.Server.csproj", "{9D52C897-2D53-4D7F-9CD2-F0BF8B4A6456}"
EndProject
Project("{9A19103F-16F7-4668-BE54-9A1E7A4F7556}") = "CarRentalManagement.Client", "CarRentalManagement\Client\CarRentalManagement.Client.csproj", "{47DA034A-C0D4-4B1C-967D-91A65C7368E8}"
EndProject
Project("{9A19103F-16F7-4668-BE54-9A1E7A4F7556}") = "CarRentalManagement.Shared", "CarRentalManagement\Shared\CarRentalManagement.Shared.csproj", "{F75E5E18-5BEB-4DAE-A938-96356F9F4772}"
EndProject
Global
	GlobalSection(SolutionConfigurationPlatforms) = preSolution
		Debug|Any CPU = Debug|Any CPU
		Release|Any CPU = Release|Any CPU
	EndGlobalSection
	GlobalSection(ProjectConfigurationPlatforms) = postSolution
		{9D52C897-2D53-4D7F-9CD2-F0BF8B4A6456}.Debug|Any CPU.ActiveCfg = Debug|Any CPU
		{9D52C897-2D53-4D7F-9CD2-F0BF8B4A6456}.Debug|Any CPU.Build.0 = Debug|Any CPU
		{9D52C897-2D53-4D7F-9CD2-F0BF8B4A6456}.Release|Any CPU.ActiveCfg = Release|Any CPU
		{9D52C897-2D53-4D7F-9CD2-F0BF8B4A6456}.Release|Any CPU.Build.0 = Release|Any CPU
		{47DA034A-C0D4-4B1C-967D-91A65C7368E8}.Debug|Any CPU.ActiveCfg = Debug|Any CPU
		{47DA034A-C0D4-4B1C-967D-91A65C7368E8}.Debug|Any CPU.Build.0 = Debug|Any CPU
		{47DA034A-C0D4-4B1C-967D-91A65C7368E8}.Release|Any CPU.ActiveCfg = Release|Any CPU
		{47DA034A-C0D4-4B1C-967D-91A65C7368E8}.Release|Any CPU.Build.0 = Release|Any CPU
		{F75E5E18-5BEB-4DAE-A938-96356F9F4772}.Debug|Any CPU.ActiveCfg = Debug|Any CPU
		{F75E5E18-5BEB-4DAE-A938-96356F9F4772}.Debug|Any CPU.Build.0 = Debug|Any CPU
		{F75E5E18-5BEB-4DAE-A938-96356F9F4772}.Release|Any CPU.ActiveCfg = Release|Any CPU
		{F75E5E18-5BEB-4DAE-A938-96356F9F4772}.Release|Any CPU.Build.0 = Release|Any CPU
	EndGlobalSection
	GlobalSection(SolutionProperties) = preSolution
		HideSolutionNode = FALSE
	EndGlobalSection
	GlobalSection(ExtensibilityGlobals) = postSolution
		SolutionGuid = {7715F70B-BB6D-4D77-913C-28AA48464531}
	EndGlobalSection
EndGlobal
